
Microsoft Visual Studio Solution File, Format Version 12.00
Project("{FAE04EC0-301F-11D3-BF4B-00C04F79EFBC}") = "MessageConsumerSdk", "MessageConsumerSdk\MessageConsumerSdk.csproj", "{EB334E97-06C3-489C-B298-FFC1165568B5}"
EndProject
Global
	GlobalSection(SolutionConfigurationPlatforms) = preSolution
		Debug|Any CPU = Debug|Any CPU
		Release|Any CPU = Release|Any CPU
	EndGlobalSection
	GlobalSection(ProjectConfigurationPlatforms) = postSolution
		{EB334E97-06C3-489C-B298-FFC1165568B5}.Debug|Any CPU.ActiveCfg = Debug|Any CPU
		{EB334E97-06C3-489C-B298-FFC1165568B5}.Debug|Any CPU.Build.0 = Debug|Any CPU
		{EB334E97-06C3-489C-B298-FFC1165568B5}.Release|Any CPU.ActiveCfg = Release|Any CPU
		{EB334E97-06C3-489C-B298-FFC1165568B5}.Release|Any CPU.Build.0 = Release|Any CPU
	EndGlobalSection
EndGlobal
